
Microsoft Visual Studio Solution File, Format Version 12.00
# Visual Studio 2012
Project("{8BC9CEB8-8B4A-11D0-8D11-00A0C91BC942}") = "Bz", "Bz.vcxproj", "{1DE442F2-3EC9-446A-98E5-039BA4311D46}"
EndProject
Project("{8BC9CEB8-8B4A-11D0-8D11-00A0C91BC942}") = "BZres_us", "BZres_us.vcxproj", "{87E12023-4E2C-4616-BF04-7E474EE0506E}"
EndProject
Project("{8BC9CEB8-8B4A-11D0-8D11-00A0C91BC942}") = "zlib1", "..\zlib1\zlib1.vcxproj", "{ED5192EB-04CB-4E69-8197-65A772C64A75}"
EndProject
Project("{8BC9CEB8-8B4A-11D0-8D11-00A0C91BC942}") = "BZScript_ruby", "BZScript_ruby.vcxproj", "{A8755AF2-E914-457D-8780-A8B3BB9E83F0}"
	ProjectSection(ProjectDependencies) = postProject
		{1DE442F2-3EC9-446A-98E5-039BA4311D46} = {1DE442F2-3EC9-446A-98E5-039BA4311D46}
	EndProjectSection
EndProject
Project("{8BC9CEB8-8B4A-11D0-8D11-00A0C91BC942}") = "BZScript_python", "BZScript_python.vcxproj", "{25E50F1C-773E-480B-A048-F478615A836A}"
	ProjectSection(ProjectDependencies) = postProject
		{1DE442F2-3EC9-446A-98E5-039BA4311D46} = {1DE442F2-3EC9-446A-98E5-039BA4311D46}
	EndProjectSection
EndProject
Global
	GlobalSection(SolutionConfigurationPlatforms) = preSolution
		Debug|Win32 = Debug|Win32
		Release|Win32 = Release|Win32
		ReleaseUPX|Win32 = ReleaseUPX|Win32
	EndGlobalSection
	GlobalSection(ProjectConfigurationPlatforms) = postSolution
		{1DE442F2-3EC9-446A-98E5-039BA4311D46}.Debug|Win32.ActiveCfg = Debug|Win32
		{1DE442F2-3EC9-446A-98E5-039BA4311D46}.Debug|Win32.Build.0 = Debug|Win32
		{1DE442F2-3EC9-446A-98E5-039BA4311D46}.Release|Win32.ActiveCfg = Release|Win32
		{1DE442F2-3EC9-446A-98E5-039BA4311D46}.Release|Win32.Build.0 = Release|Win32
		{1DE442F2-3EC9-446A-98E5-039BA4311D46}.ReleaseUPX|Win32.ActiveCfg = ReleaseUPX|Win32
		{1DE442F2-3EC9-446A-98E5-039BA4311D46}.ReleaseUPX|Win32.Build.0 = ReleaseUPX|Win32
		{87E12023-4E2C-4616-BF04-7E474EE0506E}.Debug|Win32.ActiveCfg = Debug|Win32
		{87E12023-4E2C-4616-BF04-7E474EE0506E}.Debug|Win32.Build.0 = Debug|Win32
		{87E12023-4E2C-4616-BF04-7E474EE0506E}.Release|Win32.ActiveCfg = Release|Win32
		{87E12023-4E2C-4616-BF04-7E474EE0506E}.Release|Win32.Build.0 = Release|Win32
		{87E12023-4E2C-4616-BF04-7E474EE0506E}.ReleaseUPX|Win32.ActiveCfg = ReleaseUPX|Win32
		{87E12023-4E2C-4616-BF04-7E474EE0506E}.ReleaseUPX|Win32.Build.0 = ReleaseUPX|Win32
		{ED5192EB-04CB-4E69-8197-65A772C64A75}.Debug|Win32.ActiveCfg = Debug|Win32
		{ED5192EB-04CB-4E69-8197-65A772C64A75}.Debug|Win32.Build.0 = Debug|Win32
		{ED5192EB-04CB-4E69-8197-65A772C64A75}.Release|Win32.ActiveCfg = Release|Win32
		{ED5192EB-04CB-4E69-8197-65A772C64A75}.Release|Win32.Build.0 = Release|Win32
		{ED5192EB-04CB-4E69-8197-65A772C64A75}.ReleaseUPX|Win32.ActiveCfg = Release|Win32
		{ED5192EB-04CB-4E69-8197-65A772C64A75}.ReleaseUPX|Win32.Build.0 = Release|Win32
		{A8755AF2-E914-457D-8780-A8B3BB9E83F0}.Debug|Win32.ActiveCfg = Debug|Win32
		{A8755AF2-E914-457D-8780-A8B3BB9E83F0}.Debug|Win32.Build.0 = Debug|Win32
		{A8755AF2-E914-457D-8780-A8B3BB9E83F0}.Release|Win32.ActiveCfg = Release|Win32
		{A8755AF2-E914-457D-8780-A8B3BB9E83F0}.Release|Win32.Build.0 = Release|Win32
		{A8755AF2-E914-457D-8780-A8B3BB9E83F0}.ReleaseUPX|Win32.ActiveCfg = Release|Win32
		{A8755AF2-E914-457D-8780-A8B3BB9E83F0}.ReleaseUPX|Win32.Build.0 = Release|Win32
		{25E50F1C-773E-480B-A048-F478615A836A}.Debug|Win32.ActiveCfg = Debug|Win32
		{25E50F1C-773E-480B-A048-F478615A836A}.Debug|Win32.Build.0 = Debug|Win32
		{25E50F1C-773E-480B-A048-F478615A836A}.Release|Win32.ActiveCfg = Release|Win32
		{25E50F1C-773E-480B-A048-F478615A836A}.Release|Win32.Build.0 = Release|Win32
		{25E50F1C-773E-480B-A048-F478615A836A}.ReleaseUPX|Win32.ActiveCfg = Release|Win32
		{25E50F1C-773E-480B-A048-F478615A836A}.ReleaseUPX|Win32.Build.0 = Release|Win32
	EndGlobalSection
	GlobalSection(SolutionProperties) = preSolution
		HideSolutionNode = FALSE
	EndGlobalSection
EndGlobal
